
Microsoft Visual Studio Solution File, Format Version 12.00
# Visual Studio Version 17
VisualStudioVersion = 17.3.32901.215
MinimumVisualStudioVersion = 10.0.40219.1
Project("{FAE04EC0-301F-11D3-BF4B-00C04F79EFBC}") = "TaskTrecker.TaskTreckerApi", "TaskTrecker.TaskTreckerApi\TaskTrecker.TaskTreckerApi.csproj", "{28EA0E8F-3EEA-4F16-A1B8-6E6B4ED2088D}"
EndProject
Global
	GlobalSection(SolutionConfigurationPlatforms) = preSolution
		Debug|Any CPU = Debug|Any CPU
		Release|Any CPU = Release|Any CPU
	EndGlobalSection
	GlobalSection(ProjectConfigurationPlatforms) = postSolution
		{28EA0E8F-3EEA-4F16-A1B8-6E6B4ED2088D}.Debug|Any CPU.ActiveCfg = Debug|Any CPU
		{28EA0E8F-3EEA-4F16-A1B8-6E6B4ED2088D}.Debug|Any CPU.Build.0 = Debug|Any CPU
		{28EA0E8F-3EEA-4F16-A1B8-6E6B4ED2088D}.Release|Any CPU.ActiveCfg = Release|Any CPU
		{28EA0E8F-3EEA-4F16-A1B8-6E6B4ED2088D}.Release|Any CPU.Build.0 = Release|Any CPU
	EndGlobalSection
	GlobalSection(SolutionProperties) = preSolution
		HideSolutionNode = FALSE
	EndGlobalSection
	GlobalSection(ExtensibilityGlobals) = postSolution
		SolutionGuid = {1245C778-FA62-4F2B-A9E8-4A8C072FD205}
	EndGlobalSection
EndGlobal
